
Microsoft Visual Studio Solution File, Format Version 12.00
# Visual Studio Version 16
VisualStudioVersion = 16.0.29215.179
MinimumVisualStudioVersion = 10.0.40219.1
Project("{9A19103F-16F7-4668-BE54-9A1E7A4F7556}") = "DaAPI.Core", "src\DaAPI.Core\DaAPI.Core.csproj", "{2E0BD2CB-CA19-45B4-9D00-41EC56B476B5}"
EndProject
Project("{9A19103F-16F7-4668-BE54-9A1E7A4F7556}") = "DaAPI.Infrastructure", "src\DaAPI.Infrastructure\DaAPI.Infrastructure.csproj", "{034E5106-C004-469B-9549-BD412C90C508}"
EndProject
Project("{9A19103F-16F7-4668-BE54-9A1E7A4F7556}") = "DaAPI.UnitTests", "test\DaAPI.UnitTests\DaAPI.UnitTests.csproj", "{21AA5AAA-01ED-42E6-A0F4-E4454037FDC2}"
EndProject
Project("{9A19103F-16F7-4668-BE54-9A1E7A4F7556}") = "DaAPI.IntegrationTests", "test\DaAPI.IntegrationTests\DaAPI.IntegrationTests.csproj", "{F7FC762D-7750-47BB-A0BA-FBD784EFD1FF}"
EndProject
Project("{9A19103F-16F7-4668-BE54-9A1E7A4F7556}") = "DaAPI.Host", "src\DaAPI.Host\DaAPI.Host.csproj", "{998D2E24-5FF8-49D3-B85C-05375CD93675}"
EndProject
Project("{9A19103F-16F7-4668-BE54-9A1E7A4F7556}") = "DaAPI.App", "src\DaAPI.App\DaAPI.App.csproj", "{12EFC593-890F-4178-813E-6E5C9F8865DF}"
EndProject
Project("{9A19103F-16F7-4668-BE54-9A1E7A4F7556}") = "DaAPI.Shared", "src\DaAPI.Shared\DaAPI.Shared.csproj", "{1D644211-52ED-40CF-9A81-7807BC30333F}"
EndProject
Project("{9A19103F-16F7-4668-BE54-9A1E7A4F7556}") = "DaAPI.App.Components", "src\DaAPI.App.Components\DaAPI.App.Components.csproj", "{FC3DEFCE-CFB0-45FA-A79B-915254935CA1}"
EndProject
Project("{2150E333-8FDC-42A3-9474-1A3956D46DE8}") = "Tests", "Tests", "{CD11E081-4F80-4036-96C1-4390F849FF8B}"
EndProject
Project("{9A19103F-16F7-4668-BE54-9A1E7A4F7556}") = "DaAPI.TestHelper", "test\DaAPI.TestHelper\DaAPI.TestHelper.csproj", "{270B31D0-1B7E-4D18-9244-24F8CD648157}"
EndProject
Project("{2150E333-8FDC-42A3-9474-1A3956D46DE8}") = "App", "App", "{30DF382D-32D7-4102-907F-EBB51767E7A1}"
EndProject
Project("{2150E333-8FDC-42A3-9474-1A3956D46DE8}") = "Service", "Service", "{B65D09B7-1FBE-4ADB-84E5-0701F3489448}"
EndProject
Project("{2150E333-8FDC-42A3-9474-1A3956D46DE8}") = "Solution Items", "Solution Items", "{3D4460E1-95EF-4EC8-9BA7-A0D275FCB736}"
	ProjectSection(SolutionItems) = preProject
		.editorconfig = .editorconfig
	EndProjectSection
EndProject
Global
	GlobalSection(SolutionConfigurationPlatforms) = preSolution
		Debug|Any CPU = Debug|Any CPU
		Release|Any CPU = Release|Any CPU
	EndGlobalSection
	GlobalSection(ProjectConfigurationPlatforms) = postSolution
		{2E0BD2CB-CA19-45B4-9D00-41EC56B476B5}.Debug|Any CPU.ActiveCfg = Debug|Any CPU
		{2E0BD2CB-CA19-45B4-9D00-41EC56B476B5}.Debug|Any CPU.Build.0 = Debug|Any CPU
		{2E0BD2CB-CA19-45B4-9D00-41EC56B476B5}.Release|Any CPU.ActiveCfg = Release|Any CPU
		{2E0BD2CB-CA19-45B4-9D00-41EC56B476B5}.Release|Any CPU.Build.0 = Release|Any CPU
		{034E5106-C004-469B-9549-BD412C90C508}.Debug|Any CPU.ActiveCfg = Debug|Any CPU
		{034E5106-C004-469B-9549-BD412C90C508}.Debug|Any CPU.Build.0 = Debug|Any CPU
		{034E5106-C004-469B-9549-BD412C90C508}.Release|Any CPU.ActiveCfg = Release|Any CPU
		{034E5106-C004-469B-9549-BD412C90C508}.Release|Any CPU.Build.0 = Release|Any CPU
		{21AA5AAA-01ED-42E6-A0F4-E4454037FDC2}.Debug|Any CPU.ActiveCfg = Debug|Any CPU
		{21AA5AAA-01ED-42E6-A0F4-E4454037FDC2}.Debug|Any CPU.Build.0 = Debug|Any CPU
		{21AA5AAA-01ED-42E6-A0F4-E4454037FDC2}.Release|Any CPU.ActiveCfg = Release|Any CPU
		{21AA5AAA-01ED-42E6-A0F4-E4454037FDC2}.Release|Any CPU.Build.0 = Release|Any CPU
		{F7FC762D-7750-47BB-A0BA-FBD784EFD1FF}.Debug|Any CPU.ActiveCfg = Debug|Any CPU
		{F7FC762D-7750-47BB-A0BA-FBD784EFD1FF}.Debug|Any CPU.Build.0 = Debug|Any CPU
		{F7FC762D-7750-47BB-A0BA-FBD784EFD1FF}.Release|Any CPU.ActiveCfg = Release|Any CPU
		{F7FC762D-7750-47BB-A0BA-FBD784EFD1FF}.Release|Any CPU.Build.0 = Release|Any CPU
		{998D2E24-5FF8-49D3-B85C-05375CD93675}.Debug|Any CPU.ActiveCfg = Debug|Any CPU
		{998D2E24-5FF8-49D3-B85C-05375CD93675}.Debug|Any CPU.Build.0 = Debug|Any CPU
		{998D2E24-5FF8-49D3-B85C-05375CD93675}.Release|Any CPU.ActiveCfg = Release|Any CPU
		{998D2E24-5FF8-49D3-B85C-05375CD93675}.Release|Any CPU.Build.0 = Release|Any CPU
		{12EFC593-890F-4178-813E-6E5C9F8865DF}.Debug|Any CPU.ActiveCfg = Debug|Any CPU
		{12EFC593-890F-4178-813E-6E5C9F8865DF}.Debug|Any CPU.Build.0 = Debug|Any CPU
		{12EFC593-890F-4178-813E-6E5C9F8865DF}.Release|Any CPU.ActiveCfg = Release|Any CPU
		{12EFC593-890F-4178-813E-6E5C9F8865DF}.Release|Any CPU.Build.0 = Release|Any CPU
		{1D644211-52ED-40CF-9A81-7807BC30333F}.Debug|Any CPU.ActiveCfg = Debug|Any CPU
		{1D644211-52ED-40CF-9A81-7807BC30333F}.Debug|Any CPU.Build.0 = Debug|Any CPU
		{1D644211-52ED-40CF-9A81-7807BC30333F}.Release|Any CPU.ActiveCfg = Release|Any CPU
		{1D644211-52ED-40CF-9A81-7807BC30333F}.Release|Any CPU.Build.0 = Release|Any CPU
		{FC3DEFCE-CFB0-45FA-A79B-915254935CA1}.Debug|Any CPU.ActiveCfg = Debug|Any CPU
		{FC3DEFCE-CFB0-45FA-A79B-915254935CA1}.Debug|Any CPU.Build.0 = Debug|Any CPU
		{FC3DEFCE-CFB0-45FA-A79B-915254935CA1}.Release|Any CPU.ActiveCfg = Release|Any CPU
		{FC3DEFCE-CFB0-45FA-A79B-915254935CA1}.Release|Any CPU.Build.0 = Release|Any CPU
		{270B31D0-1B7E-4D18-9244-24F8CD648157}.Debug|Any CPU.ActiveCfg = Debug|Any CPU
		{270B31D0-1B7E-4D18-9244-24F8CD648157}.Debug|Any CPU.Build.0 = Debug|Any CPU
		{270B31D0-1B7E-4D18-9244-24F8CD648157}.Release|Any CPU.ActiveCfg = Release|Any CPU
		{270B31D0-1B7E-4D18-9244-24F8CD648157}.Release|Any CPU.Build.0 = Release|Any CPU
	EndGlobalSection
	GlobalSection(SolutionProperties) = preSolution
		HideSolutionNode = FALSE
	EndGlobalSection
	GlobalSection(NestedProjects) = preSolution
		{2E0BD2CB-CA19-45B4-9D00-41EC56B476B5} = {B65D09B7-1FBE-4ADB-84E5-0701F3489448}
		{034E5106-C004-469B-9549-BD412C90C508} = {B65D09B7-1FBE-4ADB-84E5-0701F3489448}
		{21AA5AAA-01ED-42E6-A0F4-E4454037FDC2} = {CD11E081-4F80-4036-96C1-4390F849FF8B}
		{F7FC762D-7750-47BB-A0BA-FBD784EFD1FF} = {CD11E081-4F80-4036-96C1-4390F849FF8B}
		{998D2E24-5FF8-49D3-B85C-05375CD93675} = {B65D09B7-1FBE-4ADB-84E5-0701F3489448}
		{12EFC593-890F-4178-813E-6E5C9F8865DF} = {30DF382D-32D7-4102-907F-EBB51767E7A1}
		{1D644211-52ED-40CF-9A81-7807BC30333F} = {B65D09B7-1FBE-4ADB-84E5-0701F3489448}
		{FC3DEFCE-CFB0-45FA-A79B-915254935CA1} = {30DF382D-32D7-4102-907F-EBB51767E7A1}
		{270B31D0-1B7E-4D18-9244-24F8CD648157} = {CD11E081-4F80-4036-96C1-4390F849FF8B}
	EndGlobalSection
	GlobalSection(ExtensibilityGlobals) = postSolution
		SolutionGuid = {AC24D86B-5B41-4C62-AD48-5E0FC14AF836}
	EndGlobalSection
EndGlobal
